// !$*UTF8*$!
{
	archiveVersion = 1;
	classes = {
	};
	objectVersion = 52;
	objects = {

/* Begin PBXBuildFile section */
		934C460725307200006CF643 /* UserSlideMenu.swift in Sources */ = {isa = PBXBuildFile; fileRef = 934C460625307200006CF643 /* UserSlideMenu.swift */; };
		934D5464253F01300077D13B /* SessionStore.swift in Sources */ = {isa = PBXBuildFile; fileRef = 934D5463253F01300077D13B /* SessionStore.swift */; };
		934E8AE22549932F00D9E76E /* ProfileView.swift in Sources */ = {isa = PBXBuildFile; fileRef = 934E8AE12549932F00D9E76E /* ProfileView.swift */; };
		934E8AE62549937300D9E76E /* HistoryView.swift in Sources */ = {isa = PBXBuildFile; fileRef = 934E8AE52549937300D9E76E /* HistoryView.swift */; };
		934E8AE92549939400D9E76E /* SettingsView.swift in Sources */ = {isa = PBXBuildFile; fileRef = 934E8AE82549939400D9E76E /* SettingsView.swift */; };
		934E8AEC254998F300D9E76E /* HomeView.swift in Sources */ = {isa = PBXBuildFile; fileRef = 934E8AEB254998F300D9E76E /* HomeView.swift */; };
		934E8AEF2549992100D9E76E /* SchedouleView.swift in Sources */ = {isa = PBXBuildFile; fileRef = 934E8AEE2549992100D9E76E /* SchedouleView.swift */; };
		934E8AF225499D9E00D9E76E /* SliderButtonViewModel.swift in Sources */ = {isa = PBXBuildFile; fileRef = 934E8AF125499D9E00D9E76E /* SliderButtonViewModel.swift */; };
		935880152527900300FDC1B0 /* GoogleService-Info.plist in Resources */ = {isa = PBXBuildFile; fileRef = 935880142527900300FDC1B0 /* GoogleService-Info.plist */; };
		935880182527908600FDC1B0 /* Utilities.swift in Sources */ = {isa = PBXBuildFile; fileRef = 935880172527908600FDC1B0 /* Utilities.swift */; };
		9366A205257EAFD400B2AC38 /* CircularProgress in Frameworks */ = {isa = PBXBuildFile; productRef = 9366A204257EAFD400B2AC38 /* CircularProgress */; };
		9366A209257ED47D00B2AC38 /* addExerciseView.swift in Sources */ = {isa = PBXBuildFile; fileRef = 9366A208257ED47D00B2AC38 /* addExerciseView.swift */; };
		9366A20C257ED5BC00B2AC38 /* ExerciseModel.swift in Sources */ = {isa = PBXBuildFile; fileRef = 9366A20B257ED5BB00B2AC38 /* ExerciseModel.swift */; };
		936D6B432580E3CC00A2B466 /* ProfileViewModel.swift in Sources */ = {isa = PBXBuildFile; fileRef = 936D6B422580E3CC00A2B466 /* ProfileViewModel.swift */; };
		936D6B462580E53800A2B466 /* UserModel.swift in Sources */ = {isa = PBXBuildFile; fileRef = 936D6B452580E53800A2B466 /* UserModel.swift */; };
		936D6B492580E91000A2B466 /* SettingsViewModel.swift in Sources */ = {isa = PBXBuildFile; fileRef = 936D6B482580E91000A2B466 /* SettingsViewModel.swift */; };
		936D6B4C25810B8300A2B466 /* imagenFirebase.swift in Sources */ = {isa = PBXBuildFile; fileRef = 936D6B4B25810B8300A2B466 /* imagenFirebase.swift */; };
		936D6B5025810B9C00A2B466 /* ImagePicker.swift in Sources */ = {isa = PBXBuildFile; fileRef = 936D6B4E25810B9C00A2B466 /* ImagePicker.swift */; };
		936D6B5125810B9C00A2B466 /* Loader.swift in Sources */ = {isa = PBXBuildFile; fileRef = 936D6B4F25810B9C00A2B466 /* Loader.swift */; };
		936D6B5425810EAE00A2B466 /* multilineTextField.swift in Sources */ = {isa = PBXBuildFile; fileRef = 936D6B5325810EAE00A2B466 /* multilineTextField.swift */; };
		936D6B6F258134F200A2B466 /* ProfileImageView.swift in Sources */ = {isa = PBXBuildFile; fileRef = 936D6B6E258134F200A2B466 /* ProfileImageView.swift */; };
		936D6B742581395100A2B466 /* DropDownView.swift in Sources */ = {isa = PBXBuildFile; fileRef = 936D6B732581395100A2B466 /* DropDownView.swift */; };
		936D6B792581528100A2B466 /* DisplayDataView.swift in Sources */ = {isa = PBXBuildFile; fileRef = 936D6B782581528100A2B466 /* DisplayDataView.swift */; };
		936D6B7C25817B7500A2B466 /* DisplayExercisesView.swift in Sources */ = {isa = PBXBuildFile; fileRef = 936D6B7B25817B7500A2B466 /* DisplayExercisesView.swift */; };
		937CB6EB251A615B009453C4 /* appTestApp.swift in Sources */ = {isa = PBXBuildFile; fileRef = 937CB6EA251A615B009453C4 /* appTestApp.swift */; };
		937CB6ED251A615B009453C4 /* ContentView.swift in Sources */ = {isa = PBXBuildFile; fileRef = 937CB6EC251A615B009453C4 /* ContentView.swift */; };
		937CB6EF251A615D009453C4 /* Assets.xcassets in Resources */ = {isa = PBXBuildFile; fileRef = 937CB6EE251A615D009453C4 /* Assets.xcassets */; };
		937CB6F2251A615D009453C4 /* Preview Assets.xcassets in Resources */ = {isa = PBXBuildFile; fileRef = 937CB6F1251A615D009453C4 /* Preview Assets.xcassets */; };
		937CB729251A7009009453C4 /* RegistrationViewModel.swift in Sources */ = {isa = PBXBuildFile; fileRef = 937CB728251A7009009453C4 /* RegistrationViewModel.swift */; };
		937CB72C251A7061009453C4 /* SignUpView.swift in Sources */ = {isa = PBXBuildFile; fileRef = 937CB72B251A7061009453C4 /* SignUpView.swift */; };
		937D44B92538AACE00FCEE6E /* SingleSlideButtonView.swift in Sources */ = {isa = PBXBuildFile; fileRef = 937D44B82538AACE00FCEE6E /* SingleSlideButtonView.swift */; };
		9383D15E2523A460005C0992 /* CreateView.swift in Sources */ = {isa = PBXBuildFile; fileRef = 9383D15D2523A460005C0992 /* CreateView.swift */; };
		93B84A76251B440E004EB83D /* SignInView.swift in Sources */ = {isa = PBXBuildFile; fileRef = 93B84A75251B440E004EB83D /* SignInView.swift */; };
		93B84A7A251B4C55004EB83D /* SliderSelectedButtonView.swift in Sources */ = {isa = PBXBuildFile; fileRef = 93B84A79251B4C55004EB83D /* SliderSelectedButtonView.swift */; };
		93BB709E252340A200AD3522 /* DataViewModel.swift in Sources */ = {isa = PBXBuildFile; fileRef = 93BB709D252340A200AD3522 /* DataViewModel.swift */; };
		93BB70A12523423C00AD3522 /* DataModel.swift in Sources */ = {isa = PBXBuildFile; fileRef = 93BB70A02523423C00AD3522 /* DataModel.swift */; };
		93BB70A4252345F700AD3522 /* ErrorViewModel.swift in Sources */ = {isa = PBXBuildFile; fileRef = 93BB70A3252345F700AD3522 /* ErrorViewModel.swift */; };
		93D15B87252749F300DFE38B /* DetailsView.swift in Sources */ = {isa = PBXBuildFile; fileRef = 93D15B86252749F300DFE38B /* DetailsView.swift */; };
		93DC0E9A2521F6DB00B42475 /* SingleFormView.swift in Sources */ = {isa = PBXBuildFile; fileRef = 93DC0E992521F6DB00B42475 /* SingleFormView.swift */; };
		D817B26A421392A7A5211D69 /* Pods_appTest.framework in Frameworks */ = {isa = PBXBuildFile; fileRef = 6064D003E3CE711A67D04957 /* Pods_appTest.framework */; };
/* End PBXBuildFile section */

/* Begin PBXFileReference section */
		2484FCB87523B1DCE42175C9 /* Pods-appTest.debug.xcconfig */ = {isa = PBXFileReference; includeInIndex = 1; lastKnownFileType = text.xcconfig; name = "Pods-appTest.debug.xcconfig"; path = "Target Support Files/Pods-appTest/Pods-appTest.debug.xcconfig"; sourceTree = "<group>"; };
		6064D003E3CE711A67D04957 /* Pods_appTest.framework */ = {isa = PBXFileReference; explicitFileType = wrapper.framework; includeInIndex = 0; path = Pods_appTest.framework; sourceTree = BUILT_PRODUCTS_DIR; };
		934C460625307200006CF643 /* UserSlideMenu.swift */ = {isa = PBXFileReference; lastKnownFileType = sourcecode.swift; path = UserSlideMenu.swift; sourceTree = "<group>"; };
		934D5463253F01300077D13B /* SessionStore.swift */ = {isa = PBXFileReference; lastKnownFileType = sourcecode.swift; path = SessionStore.swift; sourceTree = "<group>"; };
		934E8AE12549932F00D9E76E /* ProfileView.swift */ = {isa = PBXFileReference; lastKnownFileType = sourcecode.swift; path = ProfileView.swift; sourceTree = "<group>"; };
		934E8AE52549937300D9E76E /* HistoryView.swift */ = {isa = PBXFileReference; lastKnownFileType = sourcecode.swift; path = HistoryView.swift; sourceTree = "<group>"; };
		934E8AE82549939400D9E76E /* SettingsView.swift */ = {isa = PBXFileReference; lastKnownFileType = sourcecode.swift; path = SettingsView.swift; sourceTree = "<group>"; };
		934E8AEB254998F300D9E76E /* HomeView.swift */ = {isa = PBXFileReference; lastKnownFileType = sourcecode.swift; path = HomeView.swift; sourceTree = "<group>"; };
		934E8AEE2549992100D9E76E /* SchedouleView.swift */ = {isa = PBXFileReference; lastKnownFileType = sourcecode.swift; path = SchedouleView.swift; sourceTree = "<group>"; };
		934E8AF125499D9E00D9E76E /* SliderButtonViewModel.swift */ = {isa = PBXFileReference; lastKnownFileType = sourcecode.swift; path = SliderButtonViewModel.swift; sourceTree = "<group>"; };
		935880142527900300FDC1B0 /* GoogleService-Info.plist */ = {isa = PBXFileReference; lastKnownFileType = text.plist; path = "GoogleService-Info.plist"; sourceTree = SOURCE_ROOT; };
		935880172527908600FDC1B0 /* Utilities.swift */ = {isa = PBXFileReference; fileEncoding = 4; lastKnownFileType = sourcecode.swift; path = Utilities.swift; sourceTree = "<group>"; };
		9366A208257ED47D00B2AC38 /* addExerciseView.swift */ = {isa = PBXFileReference; lastKnownFileType = sourcecode.swift; path = addExerciseView.swift; sourceTree = "<group>"; };
		9366A20B257ED5BB00B2AC38 /* ExerciseModel.swift */ = {isa = PBXFileReference; lastKnownFileType = sourcecode.swift; path = ExerciseModel.swift; sourceTree = "<group>"; };
		936D6B422580E3CC00A2B466 /* ProfileViewModel.swift */ = {isa = PBXFileReference; lastKnownFileType = sourcecode.swift; path = ProfileViewModel.swift; sourceTree = "<group>"; };
		936D6B452580E53800A2B466 /* UserModel.swift */ = {isa = PBXFileReference; lastKnownFileType = sourcecode.swift; path = UserModel.swift; sourceTree = "<group>"; };
		936D6B482580E91000A2B466 /* SettingsViewModel.swift */ = {isa = PBXFileReference; lastKnownFileType = sourcecode.swift; path = SettingsViewModel.swift; sourceTree = "<group>"; };
		936D6B4B25810B8300A2B466 /* imagenFirebase.swift */ = {isa = PBXFileReference; fileEncoding = 4; lastKnownFileType = sourcecode.swift; path = imagenFirebase.swift; sourceTree = "<group>"; };
		936D6B4E25810B9C00A2B466 /* ImagePicker.swift */ = {isa = PBXFileReference; fileEncoding = 4; lastKnownFileType = sourcecode.swift; path = ImagePicker.swift; sourceTree = "<group>"; };
		936D6B4F25810B9C00A2B466 /* Loader.swift */ = {isa = PBXFileReference; fileEncoding = 4; lastKnownFileType = sourcecode.swift; path = Loader.swift; sourceTree = "<group>"; };
		936D6B5325810EAE00A2B466 /* multilineTextField.swift */ = {isa = PBXFileReference; fileEncoding = 4; lastKnownFileType = sourcecode.swift; path = multilineTextField.swift; sourceTree = "<group>"; };
		936D6B6E258134F200A2B466 /* ProfileImageView.swift */ = {isa = PBXFileReference; lastKnownFileType = sourcecode.swift; path = ProfileImageView.swift; sourceTree = "<group>"; };
		936D6B732581395100A2B466 /* DropDownView.swift */ = {isa = PBXFileReference; lastKnownFileType = sourcecode.swift; path = DropDownView.swift; sourceTree = "<group>"; };
		936D6B782581528100A2B466 /* DisplayDataView.swift */ = {isa = PBXFileReference; lastKnownFileType = sourcecode.swift; path = DisplayDataView.swift; sourceTree = "<group>"; };
		936D6B7B25817B7500A2B466 /* DisplayExercisesView.swift */ = {isa = PBXFileReference; lastKnownFileType = sourcecode.swift; path = DisplayExercisesView.swift; sourceTree = "<group>"; };
		937CB6E7251A615B009453C4 /* appTest.app */ = {isa = PBXFileReference; explicitFileType = wrapper.application; includeInIndex = 0; path = appTest.app; sourceTree = BUILT_PRODUCTS_DIR; };
		937CB6EA251A615B009453C4 /* appTestApp.swift */ = {isa = PBXFileReference; lastKnownFileType = sourcecode.swift; path = appTestApp.swift; sourceTree = "<group>"; };
		937CB6EC251A615B009453C4 /* ContentView.swift */ = {isa = PBXFileReference; lastKnownFileType = sourcecode.swift; path = ContentView.swift; sourceTree = "<group>"; };
		937CB6EE251A615D009453C4 /* Assets.xcassets */ = {isa = PBXFileReference; lastKnownFileType = folder.assetcatalog; path = Assets.xcassets; sourceTree = "<group>"; };
		937CB6F1251A615D009453C4 /* Preview Assets.xcassets */ = {isa = PBXFileReference; lastKnownFileType = folder.assetcatalog; path = "Preview Assets.xcassets"; sourceTree = "<group>"; };
		937CB6F3251A615D009453C4 /* Info.plist */ = {isa = PBXFileReference; lastKnownFileType = text.plist.xml; path = Info.plist; sourceTree = "<group>"; };
		937CB728251A7009009453C4 /* RegistrationViewModel.swift */ = {isa = PBXFileReference; lastKnownFileType = sourcecode.swift; path = RegistrationViewModel.swift; sourceTree = "<group>"; };
		937CB72B251A7061009453C4 /* SignUpView.swift */ = {isa = PBXFileReference; lastKnownFileType = sourcecode.swift; path = SignUpView.swift; sourceTree = "<group>"; };
		937D44B82538AACE00FCEE6E /* SingleSlideButtonView.swift */ = {isa = PBXFileReference; lastKnownFileType = sourcecode.swift; path = SingleSlideButtonView.swift; sourceTree = "<group>"; };
		9383D15D2523A460005C0992 /* CreateView.swift */ = {isa = PBXFileReference; lastKnownFileType = sourcecode.swift; path = CreateView.swift; sourceTree = "<group>"; };
		93B84A75251B440E004EB83D /* SignInView.swift */ = {isa = PBXFileReference; lastKnownFileType = sourcecode.swift; path = SignInView.swift; sourceTree = "<group>"; };
		93B84A79251B4C55004EB83D /* SliderSelectedButtonView.swift */ = {isa = PBXFileReference; lastKnownFileType = sourcecode.swift; path = SliderSelectedButtonView.swift; sourceTree = "<group>"; };
		93BB709D252340A200AD3522 /* DataViewModel.swift */ = {isa = PBXFileReference; lastKnownFileType = sourcecode.swift; path = DataViewModel.swift; sourceTree = "<group>"; };
		93BB70A02523423C00AD3522 /* DataModel.swift */ = {isa = PBXFileReference; lastKnownFileType = sourcecode.swift; path = DataModel.swift; sourceTree = "<group>"; };
		93BB70A3252345F700AD3522 /* ErrorViewModel.swift */ = {isa = PBXFileReference; lastKnownFileType = sourcecode.swift; path = ErrorViewModel.swift; sourceTree = "<group>"; };
		93D15B86252749F300DFE38B /* DetailsView.swift */ = {isa = PBXFileReference; lastKnownFileType = sourcecode.swift; path = DetailsView.swift; sourceTree = "<group>"; };
		93DC0E992521F6DB00B42475 /* SingleFormView.swift */ = {isa = PBXFileReference; lastKnownFileType = sourcecode.swift; path = SingleFormView.swift; sourceTree = "<group>"; };
		F2D7CB928834E41E5ED11DE4 /* Pods-appTest.release.xcconfig */ = {isa = PBXFileReference; includeInIndex = 1; lastKnownFileType = text.xcconfig; name = "Pods-appTest.release.xcconfig"; path = "Target Support Files/Pods-appTest/Pods-appTest.release.xcconfig"; sourceTree = "<group>"; };
/* End PBXFileReference section */

/* Begin PBXFrameworksBuildPhase section */
		937CB6E4251A615B009453C4 /* Frameworks */ = {
			isa = PBXFrameworksBuildPhase;
			buildActionMask = 2147483647;
			files = (
				9366A205257EAFD400B2AC38 /* CircularProgress in Frameworks */,
				D817B26A421392A7A5211D69 /* Pods_appTest.framework in Frameworks */,
			);
			runOnlyForDeploymentPostprocessing = 0;
		};
/* End PBXFrameworksBuildPhase section */

/* Begin PBXGroup section */
		084039617F5777042B3DF7A8 /* Frameworks */ = {
			isa = PBXGroup;
			children = (
				6064D003E3CE711A67D04957 /* Pods_appTest.framework */,
			);
			name = Frameworks;
			sourceTree = "<group>";
		};
		934E8AE0254992E700D9E76E /* SliderButtonViews */ = {
			isa = PBXGroup;
			children = (
				934E8AE12549932F00D9E76E /* ProfileView.swift */,
				934E8AE52549937300D9E76E /* HistoryView.swift */,
				934E8AE82549939400D9E76E /* SettingsView.swift */,
				934E8AEB254998F300D9E76E /* HomeView.swift */,
				934E8AEE2549992100D9E76E /* SchedouleView.swift */,
			);
			path = SliderButtonViews;
			sourceTree = "<group>";
		};
		936D6B722581391900A2B466 /* CreateViews */ = {
			isa = PBXGroup;
			children = (
				936D6B732581395100A2B466 /* DropDownView.swift */,
				936D6B7B25817B7500A2B466 /* DisplayExercisesView.swift */,
			);
			path = CreateViews;
			sourceTree = "<group>";
		};
		936D6B772581525B00A2B466 /* HomeViews */ = {
			isa = PBXGroup;
			children = (
				936D6B782581528100A2B466 /* DisplayDataView.swift */,
			);
			path = HomeViews;
			sourceTree = "<group>";
		};
		937CB6DE251A615B009453C4 = {
			isa = PBXGroup;
			children = (
				937CB6E9251A615B009453C4 /* appTest */,
				937CB6E8251A615B009453C4 /* Products */,
				995DC596B90D380088AD1B03 /* Pods */,
				084039617F5777042B3DF7A8 /* Frameworks */,
			);
			sourceTree = "<group>";
		};
		937CB6E8251A615B009453C4 /* Products */ = {
			isa = PBXGroup;
			children = (
				937CB6E7251A615B009453C4 /* appTest.app */,
			);
			name = Products;
			sourceTree = "<group>";
		};
		937CB6E9251A615B009453C4 /* appTest */ = {
			isa = PBXGroup;
			children = (
				93DC0E982521F6A300B42475 /* Helpers */,
				93B84AAD251B5512004EB83D /* View */,
				93B84AAC251B54FD004EB83D /* ViewModel */,
				93B84AAB251B54EB004EB83D /* Model */,
				937CB6EA251A615B009453C4 /* appTestApp.swift */,
				937CB6EC251A615B009453C4 /* ContentView.swift */,
				937CB6EE251A615D009453C4 /* Assets.xcassets */,
				937CB6F3251A615D009453C4 /* Info.plist */,
				935880142527900300FDC1B0 /* GoogleService-Info.plist */,
				937CB6F0251A615D009453C4 /* Preview Content */,
			);
			path = appTest;
			sourceTree = "<group>";
		};
		937CB6F0251A615D009453C4 /* Preview Content */ = {
			isa = PBXGroup;
			children = (
				937CB6F1251A615D009453C4 /* Preview Assets.xcassets */,
			);
			path = "Preview Content";
			sourceTree = "<group>";
		};
		93B84AAB251B54EB004EB83D /* Model */ = {
			isa = PBXGroup;
			children = (
				93BB70A02523423C00AD3522 /* DataModel.swift */,
				9366A20B257ED5BB00B2AC38 /* ExerciseModel.swift */,
				936D6B452580E53800A2B466 /* UserModel.swift */,
			);
			path = Model;
			sourceTree = "<group>";
		};
		93B84AAC251B54FD004EB83D /* ViewModel */ = {
			isa = PBXGroup;
			children = (
				937CB728251A7009009453C4 /* RegistrationViewModel.swift */,
				93BB709D252340A200AD3522 /* DataViewModel.swift */,
				93BB70A3252345F700AD3522 /* ErrorViewModel.swift */,
				934E8AF125499D9E00D9E76E /* SliderButtonViewModel.swift */,
				936D6B422580E3CC00A2B466 /* ProfileViewModel.swift */,
				936D6B482580E91000A2B466 /* SettingsViewModel.swift */,
			);
			path = ViewModel;
			sourceTree = "<group>";
		};
		93B84AAD251B5512004EB83D /* View */ = {
			isa = PBXGroup;
			children = (
				936D6B772581525B00A2B466 /* HomeViews */,
				936D6B722581391900A2B466 /* CreateViews */,
				934E8AE0254992E700D9E76E /* SliderButtonViews */,
				93DC0E992521F6DB00B42475 /* SingleFormView.swift */,
				937CB72B251A7061009453C4 /* SignUpView.swift */,
				93B84A79251B4C55004EB83D /* SliderSelectedButtonView.swift */,
				93B84A75251B440E004EB83D /* SignInView.swift */,
				9383D15D2523A460005C0992 /* CreateView.swift */,
				93D15B86252749F300DFE38B /* DetailsView.swift */,
				934C460625307200006CF643 /* UserSlideMenu.swift */,
				937D44B82538AACE00FCEE6E /* SingleSlideButtonView.swift */,
				9366A208257ED47D00B2AC38 /* addExerciseView.swift */,
				936D6B6E258134F200A2B466 /* ProfileImageView.swift */,
			);
			path = View;
			sourceTree = "<group>";
		};
		93DC0E982521F6A300B42475 /* Helpers */ = {
			isa = PBXGroup;
			children = (
				936D6B5325810EAE00A2B466 /* multilineTextField.swift */,
				936D6B4E25810B9C00A2B466 /* ImagePicker.swift */,
				936D6B4F25810B9C00A2B466 /* Loader.swift */,
				936D6B4B25810B8300A2B466 /* imagenFirebase.swift */,
				935880172527908600FDC1B0 /* Utilities.swift */,
				934D5463253F01300077D13B /* SessionStore.swift */,
			);
			path = Helpers;
			sourceTree = "<group>";
		};
		995DC596B90D380088AD1B03 /* Pods */ = {
			isa = PBXGroup;
			children = (
				2484FCB87523B1DCE42175C9 /* Pods-appTest.debug.xcconfig */,
				F2D7CB928834E41E5ED11DE4 /* Pods-appTest.release.xcconfig */,
			);
			path = Pods;
			sourceTree = "<group>";
		};
/* End PBXGroup section */

/* Begin PBXNativeTarget section */
		937CB6E6251A615B009453C4 /* appTest */ = {
			isa = PBXNativeTarget;
			buildConfigurationList = 937CB6F6251A615D009453C4 /* Build configuration list for PBXNativeTarget "appTest" */;
			buildPhases = (
				3D63B8203C8206CCA9C0F952 /* [CP] Check Pods Manifest.lock */,
				937CB6E3251A615B009453C4 /* Sources */,
				937CB6E4251A615B009453C4 /* Frameworks */,
				937CB6E5251A615B009453C4 /* Resources */,
				DB10EEC9E88126FCED060287 /* [CP] Embed Pods Frameworks */,
			);
			buildRules = (
			);
			dependencies = (
			);
			name = appTest;
			packageProductDependencies = (
				9366A204257EAFD400B2AC38 /* CircularProgress */,
			);
			productName = appTest;
			productReference = 937CB6E7251A615B009453C4 /* appTest.app */;
			productType = "com.apple.product-type.application";
		};
/* End PBXNativeTarget section */

/* Begin PBXProject section */
		937CB6DF251A615B009453C4 /* Project object */ = {
			isa = PBXProject;
			attributes = {
				LastSwiftUpdateCheck = 1200;
				LastUpgradeCheck = 1200;
				TargetAttributes = {
					937CB6E6251A615B009453C4 = {
						CreatedOnToolsVersion = 12.0;
					};
				};
			};
			buildConfigurationList = 937CB6E2251A615B009453C4 /* Build configuration list for PBXProject "appTest" */;
			compatibilityVersion = "Xcode 9.3";
			developmentRegion = en;
			hasScannedForEncodings = 0;
			knownRegions = (
				en,
				Base,
			);
			mainGroup = 937CB6DE251A615B009453C4;
			packageReferences = (
				9366A203257EAFD400B2AC38 /* XCRemoteSwiftPackageReference "CircularProgressSwiftUI" */,
			);
			productRefGroup = 937CB6E8251A615B009453C4 /* Products */;
			projectDirPath = "";
			projectRoot = "";
			targets = (
				937CB6E6251A615B009453C4 /* appTest */,
			);
		};
/* End PBXProject section */

/* Begin PBXResourcesBuildPhase section */
		937CB6E5251A615B009453C4 /* Resources */ = {
			isa = PBXResourcesBuildPhase;
			buildActionMask = 2147483647;
			files = (
				937CB6F2251A615D009453C4 /* Preview Assets.xcassets in Resources */,
				935880152527900300FDC1B0 /* GoogleService-Info.plist in Resources */,
				937CB6EF251A615D009453C4 /* Assets.xcassets in Resources */,
			);
			runOnlyForDeploymentPostprocessing = 0;
		};
/* End PBXResourcesBuildPhase section */

/* Begin PBXShellScriptBuildPhase section */
		3D63B8203C8206CCA9C0F952 /* [CP] Check Pods Manifest.lock */ = {
			isa = PBXShellScriptBuildPhase;
			buildActionMask = 2147483647;
			files = (
			);
			inputFileListPaths = (
			);
			inputPaths = (
				"${PODS_PODFILE_DIR_PATH}/Podfile.lock",
				"${PODS_ROOT}/Manifest.lock",
			);
			name = "[CP] Check Pods Manifest.lock";
			outputFileListPaths = (
			);
			outputPaths = (
				"$(DERIVED_FILE_DIR)/Pods-appTest-checkManifestLockResult.txt",
			);
			runOnlyForDeploymentPostprocessing = 0;
			shellPath = /bin/sh;
			shellScript = "diff \"${PODS_PODFILE_DIR_PATH}/Podfile.lock\" \"${PODS_ROOT}/Manifest.lock\" > /dev/null\nif [ $? != 0 ] ; then\n    # print error to STDERR\n    echo \"error: The sandbox is not in sync with the Podfile.lock. Run 'pod install' or update your CocoaPods installation.\" >&2\n    exit 1\nfi\n# This output is used by Xcode 'outputs' to avoid re-running this script phase.\necho \"SUCCESS\" > \"${SCRIPT_OUTPUT_FILE_0}\"\n";
			showEnvVarsInLog = 0;
		};
		DB10EEC9E88126FCED060287 /* [CP] Embed Pods Frameworks */ = {
			isa = PBXShellScriptBuildPhase;
			buildActionMask = 2147483647;
			files = (
			);
			inputFileListPaths = (
				"${PODS_ROOT}/Target Support Files/Pods-appTest/Pods-appTest-frameworks-${CONFIGURATION}-input-files.xcfilelist",
			);
			name = "[CP] Embed Pods Frameworks";
			outputFileListPaths = (
				"${PODS_ROOT}/Target Support Files/Pods-appTest/Pods-appTest-frameworks-${CONFIGURATION}-output-files.xcfilelist",
			);
			runOnlyForDeploymentPostprocessing = 0;
			shellPath = /bin/sh;
			shellScript = "\"${PODS_ROOT}/Target Support Files/Pods-appTest/Pods-appTest-frameworks.sh\"\n";
			showEnvVarsInLog = 0;
		};
/* End PBXShellScriptBuildPhase section */

/* Begin PBXSourcesBuildPhase section */
		937CB6E3251A615B009453C4 /* Sources */ = {
			isa = PBXSourcesBuildPhase;
			buildActionMask = 2147483647;
			files = (
				936D6B6F258134F200A2B466 /* ProfileImageView.swift in Sources */,
				93DC0E9A2521F6DB00B42475 /* SingleFormView.swift in Sources */,
				934E8AF225499D9E00D9E76E /* SliderButtonViewModel.swift in Sources */,
				93B84A76251B440E004EB83D /* SignInView.swift in Sources */,
				935880182527908600FDC1B0 /* Utilities.swift in Sources */,
				93BB709E252340A200AD3522 /* DataViewModel.swift in Sources */,
				936D6B4C25810B8300A2B466 /* imagenFirebase.swift in Sources */,
				936D6B792581528100A2B466 /* DisplayDataView.swift in Sources */,
				937CB72C251A7061009453C4 /* SignUpView.swift in Sources */,
				937CB6ED251A615B009453C4 /* ContentView.swift in Sources */,
				9366A20C257ED5BC00B2AC38 /* ExerciseModel.swift in Sources */,
				93BB70A12523423C00AD3522 /* DataModel.swift in Sources */,
				936D6B742581395100A2B466 /* DropDownView.swift in Sources */,
				934E8AE62549937300D9E76E /* HistoryView.swift in Sources */,
				9383D15E2523A460005C0992 /* CreateView.swift in Sources */,
				936D6B7C25817B7500A2B466 /* DisplayExercisesView.swift in Sources */,
				93D15B87252749F300DFE38B /* DetailsView.swift in Sources */,
				934E8AE22549932F00D9E76E /* ProfileView.swift in Sources */,
				936D6B5125810B9C00A2B466 /* Loader.swift in Sources */,
				9366A209257ED47D00B2AC38 /* addExerciseView.swift in Sources */,
				936D6B432580E3CC00A2B466 /* ProfileViewModel.swift in Sources */,
				937D44B92538AACE00FCEE6E /* SingleSlideButtonView.swift in Sources */,
				936D6B5025810B9C00A2B466 /* ImagePicker.swift in Sources */,
				934E8AEF2549992100D9E76E /* SchedouleView.swift in Sources */,
				934C460725307200006CF643 /* UserSlideMenu.swift in Sources */,
				936D6B462580E53800A2B466 /* UserModel.swift in Sources */,
				934E8AEC254998F300D9E76E /* HomeView.swift in Sources */,
				937CB6EB251A615B009453C4 /* appTestApp.swift in Sources */,
				93B84A7A251B4C55004EB83D /* SliderSelectedButtonView.swift in Sources */,
				937CB729251A7009009453C4 /* RegistrationViewModel.swift in Sources */,
				936D6B5425810EAE00A2B466 /* multilineTextField.swift in Sources */,
				934D5464253F01300077D13B /* SessionStore.swift in Sources */,
				93BB70A4252345F700AD3522 /* ErrorViewModel.swift in Sources */,
				934E8AE92549939400D9E76E /* SettingsView.swift in Sources */,
				936D6B492580E91000A2B466 /* SettingsViewModel.swift in Sources */,
			);
			runOnlyForDeploymentPostprocessing = 0;
		};
/* End PBXSourcesBuildPhase section */

/* Begin XCBuildConfiguration section */
		937CB6F4251A615D009453C4 /* Debug */ = {
			isa = XCBuildConfiguration;
			buildSettings = {
				ALWAYS_SEARCH_USER_PATHS = NO;
				CLANG_ANALYZER_NONNULL = YES;
				CLANG_ANALYZER_NUMBER_OBJECT_CONVERSION = YES_AGGRESSIVE;
				CLANG_CXX_LANGUAGE_STANDARD = "gnu++14";
				CLANG_CXX_LIBRARY = "libc++";
				CLANG_ENABLE_MODULES = YES;
				CLANG_ENABLE_OBJC_ARC = YES;
				CLANG_ENABLE_OBJC_WEAK = YES;
				CLANG_WARN_BLOCK_CAPTURE_AUTORELEASING = YES;
				CLANG_WARN_BOOL_CONVERSION = YES;
				CLANG_WARN_COMMA = YES;
				CLANG_WARN_CONSTANT_CONVERSION = YES;
				CLANG_WARN_DEPRECATED_OBJC_IMPLEMENTATIONS = YES;
				CLANG_WARN_DIRECT_OBJC_ISA_USAGE = YES_ERROR;
				CLANG_WARN_DOCUMENTATION_COMMENTS = YES;
				CLANG_WARN_EMPTY_BODY = YES;
				CLANG_WARN_ENUM_CONVERSION = YES;
				CLANG_WARN_INFINITE_RECURSION = YES;
				CLANG_WARN_INT_CONVERSION = YES;
				CLANG_WARN_NON_LITERAL_NULL_CONVERSION = YES;
				CLANG_WARN_OBJC_IMPLICIT_RETAIN_SELF = YES;
				CLANG_WARN_OBJC_LITERAL_CONVERSION = YES;
				CLANG_WARN_OBJC_ROOT_CLASS = YES_ERROR;
				CLANG_WARN_QUOTED_INCLUDE_IN_FRAMEWORK_HEADER = YES;
				CLANG_WARN_RANGE_LOOP_ANALYSIS = YES;
				CLANG_WARN_STRICT_PROTOTYPES = YES;
				CLANG_WARN_SUSPICIOUS_MOVE = YES;
				CLANG_WARN_UNGUARDED_AVAILABILITY = YES_AGGRESSIVE;
				CLANG_WARN_UNREACHABLE_CODE = YES;
				CLANG_WARN__DUPLICATE_METHOD_MATCH = YES;
				COPY_PHASE_STRIP = NO;
				DEBUG_INFORMATION_FORMAT = dwarf;
				ENABLE_STRICT_OBJC_MSGSEND = YES;
				ENABLE_TESTABILITY = YES;
				GCC_C_LANGUAGE_STANDARD = gnu11;
				GCC_DYNAMIC_NO_PIC = NO;
				GCC_NO_COMMON_BLOCKS = YES;
				GCC_OPTIMIZATION_LEVEL = 0;
				GCC_PREPROCESSOR_DEFINITIONS = (
					"DEBUG=1",
					"$(inherited)",
				);
				GCC_WARN_64_TO_32_BIT_CONVERSION = YES;
				GCC_WARN_ABOUT_RETURN_TYPE = YES_ERROR;
				GCC_WARN_UNDECLARED_SELECTOR = YES;
				GCC_WARN_UNINITIALIZED_AUTOS = YES_AGGRESSIVE;
				GCC_WARN_UNUSED_FUNCTION = YES;
				GCC_WARN_UNUSED_VARIABLE = YES;
				IPHONEOS_DEPLOYMENT_TARGET = 14.0;
				MTL_ENABLE_DEBUG_INFO = INCLUDE_SOURCE;
				MTL_FAST_MATH = YES;
				ONLY_ACTIVE_ARCH = YES;
				SDKROOT = iphoneos;
				SWIFT_ACTIVE_COMPILATION_CONDITIONS = DEBUG;
				SWIFT_OPTIMIZATION_LEVEL = "-Onone";
			};
			name = Debug;
		};
		937CB6F5251A615D009453C4 /* Release */ = {
			isa = XCBuildConfiguration;
			buildSettings = {
				ALWAYS_SEARCH_USER_PATHS = NO;
				CLANG_ANALYZER_NONNULL = YES;
				CLANG_ANALYZER_NUMBER_OBJECT_CONVERSION = YES_AGGRESSIVE;
				CLANG_CXX_LANGUAGE_STANDARD = "gnu++14";
				CLANG_CXX_LIBRARY = "libc++";
				CLANG_ENABLE_MODULES = YES;
				CLANG_ENABLE_OBJC_ARC = YES;
				CLANG_ENABLE_OBJC_WEAK = YES;
				CLANG_WARN_BLOCK_CAPTURE_AUTORELEASING = YES;
				CLANG_WARN_BOOL_CONVERSION = YES;
				CLANG_WARN_COMMA = YES;
				CLANG_WARN_CONSTANT_CONVERSION = YES;
				CLANG_WARN_DEPRECATED_OBJC_IMPLEMENTATIONS = YES;
				CLANG_WARN_DIRECT_OBJC_ISA_USAGE = YES_ERROR;
				CLANG_WARN_DOCUMENTATION_COMMENTS = YES;
				CLANG_WARN_EMPTY_BODY = YES;
				CLANG_WARN_ENUM_CONVERSION = YES;
				CLANG_WARN_INFINITE_RECURSION = YES;
				CLANG_WARN_INT_CONVERSION = YES;
				CLANG_WARN_NON_LITERAL_NULL_CONVERSION = YES;
				CLANG_WARN_OBJC_IMPLICIT_RETAIN_SELF = YES;
				CLANG_WARN_OBJC_LITERAL_CONVERSION = YES;
				CLANG_WARN_OBJC_ROOT_CLASS = YES_ERROR;
				CLANG_WARN_QUOTED_INCLUDE_IN_FRAMEWORK_HEADER = YES;
				CLANG_WARN_RANGE_LOOP_ANALYSIS = YES;
				CLANG_WARN_STRICT_PROTOTYPES = YES;
				CLANG_WARN_SUSPICIOUS_MOVE = YES;
				CLANG_WARN_UNGUARDED_AVAILABILITY = YES_AGGRESSIVE;
				CLANG_WARN_UNREACHABLE_CODE = YES;
				CLANG_WARN__DUPLICATE_METHOD_MATCH = YES;
				COPY_PHASE_STRIP = NO;
				DEBUG_INFORMATION_FORMAT = "dwarf-with-dsym";
				ENABLE_NS_ASSERTIONS = NO;
				ENABLE_STRICT_OBJC_MSGSEND = YES;
				GCC_C_LANGUAGE_STANDARD = gnu11;
				GCC_NO_COMMON_BLOCKS = YES;
				GCC_WARN_64_TO_32_BIT_CONVERSION = YES;
				GCC_WARN_ABOUT_RETURN_TYPE = YES_ERROR;
				GCC_WARN_UNDECLARED_SELECTOR = YES;
				GCC_WARN_UNINITIALIZED_AUTOS = YES_AGGRESSIVE;
				GCC_WARN_UNUSED_FUNCTION = YES;
				GCC_WARN_UNUSED_VARIABLE = YES;
				IPHONEOS_DEPLOYMENT_TARGET = 14.0;
				MTL_ENABLE_DEBUG_INFO = NO;
				MTL_FAST_MATH = YES;
				SDKROOT = iphoneos;
				SWIFT_COMPILATION_MODE = wholemodule;
				SWIFT_OPTIMIZATION_LEVEL = "-O";
				VALIDATE_PRODUCT = YES;
			};
			name = Release;
		};
		937CB6F7251A615D009453C4 /* Debug */ = {
			isa = XCBuildConfiguration;
			baseConfigurationReference = 2484FCB87523B1DCE42175C9 /* Pods-appTest.debug.xcconfig */;
			buildSettings = {
				ASSETCATALOG_COMPILER_APPICON_NAME = AppIcon;
				ASSETCATALOG_COMPILER_GLOBAL_ACCENT_COLOR_NAME = AccentColor;
				CODE_SIGN_STYLE = Automatic;
				DEVELOPMENT_ASSET_PATHS = "\"appTest/Preview Content\"";
				ENABLE_PREVIEWS = YES;
				INFOPLIST_FILE = appTest/Info.plist;
				IPHONEOS_DEPLOYMENT_TARGET = 14.0;
				LD_RUNPATH_SEARCH_PATHS = (
					"$(inherited)",
					"@executable_path/Frameworks",
				);
				PRODUCT_BUNDLE_IDENTIFIER = hh3.appTest;
				PRODUCT_NAME = "$(TARGET_NAME)";
				SWIFT_VERSION = 5.0;
				TARGETED_DEVICE_FAMILY = "1,2";
			};
			name = Debug;
		};
		937CB6F8251A615D009453C4 /* Release */ = {
			isa = XCBuildConfiguration;
			baseConfigurationReference = F2D7CB928834E41E5ED11DE4 /* Pods-appTest.release.xcconfig */;
			buildSettings = {
				ASSETCATALOG_COMPILER_APPICON_NAME = AppIcon;
				ASSETCATALOG_COMPILER_GLOBAL_ACCENT_COLOR_NAME = AccentColor;
				CODE_SIGN_STYLE = Automatic;
				DEVELOPMENT_ASSET_PATHS = "\"appTest/Preview Content\"";
				ENABLE_PREVIEWS = YES;
				INFOPLIST_FILE = appTest/Info.plist;
				IPHONEOS_DEPLOYMENT_TARGET = 14.0;
				LD_RUNPATH_SEARCH_PATHS = (
					"$(inherited)",
					"@executable_path/Frameworks",
				);
				PRODUCT_BUNDLE_IDENTIFIER = hh3.appTest;
				PRODUCT_NAME = "$(TARGET_NAME)";
				SWIFT_VERSION = 5.0;
				TARGETED_DEVICE_FAMILY = "1,2";
			};
			name = Release;
		};
/* End XCBuildConfiguration section */

/* Begin XCConfigurationList section */
		937CB6E2251A615B009453C4 /* Build configuration list for PBXProject "appTest" */ = {
			isa = XCConfigurationList;
			buildConfigurations = (
				937CB6F4251A615D009453C4 /* Debug */,
				937CB6F5251A615D009453C4 /* Release */,
			);
			defaultConfigurationIsVisible = 0;
			defaultConfigurationName = Release;
		};
		937CB6F6251A615D009453C4 /* Build configuration list for PBXNativeTarget "appTest" */ = {
			isa = XCConfigurationList;
			buildConfigurations = (
				937CB6F7251A615D009453C4 /* Debug */,
				937CB6F8251A615D009453C4 /* Release */,
			);
			defaultConfigurationIsVisible = 0;
			defaultConfigurationName = Release;
		};
/* End XCConfigurationList section */

/* Begin XCRemoteSwiftPackageReference section */
		9366A203257EAFD400B2AC38 /* XCRemoteSwiftPackageReference "CircularProgressSwiftUI" */ = {
			isa = XCRemoteSwiftPackageReference;
			repositoryURL = "https://github.com/ArnavMotwani/CircularProgressSwiftUI";
			requirement = {
				branch = main;
				kind = branch;
			};
		};
/* End XCRemoteSwiftPackageReference section */

/* Begin XCSwiftPackageProductDependency section */
		9366A204257EAFD400B2AC38 /* CircularProgress */ = {
			isa = XCSwiftPackageProductDependency;
			package = 9366A203257EAFD400B2AC38 /* XCRemoteSwiftPackageReference "CircularProgressSwiftUI" */;
			productName = CircularProgress;
		};
/* End XCSwiftPackageProductDependency section */
	};
	rootObject = 937CB6DF251A615B009453C4 /* Project object */;
}
